
Microsoft Visual Studio Solution File, Format Version 12.00
# Visual Studio Version 17
VisualStudioVersion = 17.9.34607.119
MinimumVisualStudioVersion = 10.0.40219.1
Project("{FAE04EC0-301F-11D3-BF4B-00C04F79EFBC}") = "ThucHanh", "ThucHanh\ThucHanh.csproj", "{DC1C06D4-A0C2-4174-82AA-56567F1A6188}"
EndProject
Global
	GlobalSection(SolutionConfigurationPlatforms) = preSolution
		Debug|Any CPU = Debug|Any CPU
		Release|Any CPU = Release|Any CPU
	EndGlobalSection
	GlobalSection(ProjectConfigurationPlatforms) = postSolution
		{DC1C06D4-A0C2-4174-82AA-56567F1A6188}.Debug|Any CPU.ActiveCfg = Debug|Any CPU
		{DC1C06D4-A0C2-4174-82AA-56567F1A6188}.Debug|Any CPU.Build.0 = Debug|Any CPU
		{DC1C06D4-A0C2-4174-82AA-56567F1A6188}.Release|Any CPU.ActiveCfg = Release|Any CPU
		{DC1C06D4-A0C2-4174-82AA-56567F1A6188}.Release|Any CPU.Build.0 = Release|Any CPU
	EndGlobalSection
	GlobalSection(SolutionProperties) = preSolution
		HideSolutionNode = FALSE
	EndGlobalSection
	GlobalSection(ExtensibilityGlobals) = postSolution
		SolutionGuid = {4CA9D96E-49A3-490D-8D47-83BCC0208235}
	EndGlobalSection
EndGlobal
